// !$*UTF8*$!
{
	archiveVersion = 1;
	classes = {
	};
	objectVersion = 56;
	objects = {

/* Begin PBXBuildFile section */
		AB26F7CA2A686A0400242479 /* Theme1.m4a in Resources */ = {isa = PBXBuildFile; fileRef = AB26F7C92A686A0400242479 /* Theme1.m4a */; };
		AB26F7CC2A686D0F00242479 /* AudioEngine.swift in Sources */ = {isa = PBXBuildFile; fileRef = AB26F7CB2A686D0F00242479 /* AudioEngine.swift */; };
		AB8722C32A6ED4130010CD98 /* SoundEffects.swift in Sources */ = {isa = PBXBuildFile; fileRef = AB8722C22A6ED4130010CD98 /* SoundEffects.swift */; };
		ABAB335B2A75746E0004B510 /* levelUp.mp3 in Resources */ = {isa = PBXBuildFile; fileRef = ABAB33572A75746E0004B510 /* levelUp.mp3 */; };
		ABAB335C2A75746E0004B510 /* oneLine.mp3 in Resources */ = {isa = PBXBuildFile; fileRef = ABAB33582A75746E0004B510 /* oneLine.mp3 */; };
		ABAB335D2A75746E0004B510 /* fourLines.mp3 in Resources */ = {isa = PBXBuildFile; fileRef = ABAB33592A75746E0004B510 /* fourLines.mp3 */; };
		ABAB335E2A75746E0004B510 /* placePiece.mp3 in Resources */ = {isa = PBXBuildFile; fileRef = ABAB335A2A75746E0004B510 /* placePiece.mp3 */; };
		ABCA0C882A52646100FED760 /* FallingBlocksApp.swift in Sources */ = {isa = PBXBuildFile; fileRef = ABCA0C872A52646100FED760 /* FallingBlocksApp.swift */; };
		ABCA0C8C2A52646100FED760 /* Assets.xcassets in Resources */ = {isa = PBXBuildFile; fileRef = ABCA0C8B2A52646100FED760 /* Assets.xcassets */; };
		ABCA0C902A52646100FED760 /* Preview Assets.xcassets in Resources */ = {isa = PBXBuildFile; fileRef = ABCA0C8F2A52646100FED760 /* Preview Assets.xcassets */; };
		ABCA0C972A5264C500FED760 /* GameController.swift in Sources */ = {isa = PBXBuildFile; fileRef = ABCA0C962A5264C500FED760 /* GameController.swift */; };
		ABCA0C992A5264DB00FED760 /* GameView.swift in Sources */ = {isa = PBXBuildFile; fileRef = ABCA0C982A5264DB00FED760 /* GameView.swift */; };
		ABCA0C9B2A52752D00FED760 /* Orientation.swift in Sources */ = {isa = PBXBuildFile; fileRef = ABCA0C9A2A52752D00FED760 /* Orientation.swift */; };
		ABCA0C9D2A52759600FED760 /* Renderer.swift in Sources */ = {isa = PBXBuildFile; fileRef = ABCA0C9C2A52759600FED760 /* Renderer.swift */; };
		ABCA0CA02A5276AA00FED760 /* Piece.swift in Sources */ = {isa = PBXBuildFile; fileRef = ABCA0C9F2A5276AA00FED760 /* Piece.swift */; };
		ABCA0CA22A5277E000FED760 /* Board.swift in Sources */ = {isa = PBXBuildFile; fileRef = ABCA0CA12A5277E000FED760 /* Board.swift */; };
		ABCA0CA42A527C8400FED760 /* README.md in Resources */ = {isa = PBXBuildFile; fileRef = ABCA0CA32A527C8400FED760 /* README.md */; };
		ABCA0CA72A53138500FED760 /* Row.swift in Sources */ = {isa = PBXBuildFile; fileRef = ABCA0CA62A53138500FED760 /* Row.swift */; };
		ABCA0CAA2A5336B300FED760 /* GameController.framework in Frameworks */ = {isa = PBXBuildFile; fileRef = ABCA0CA92A5336B300FED760 /* GameController.framework */; };
		ABCA0CAC2A53B56E00FED760 /* GameState.swift in Sources */ = {isa = PBXBuildFile; fileRef = ABCA0CAB2A53B56E00FED760 /* GameState.swift */; };
		ABCA0CAE2A53CDC600FED760 /* BoardView.swift in Sources */ = {isa = PBXBuildFile; fileRef = ABCA0CAD2A53CDC600FED760 /* BoardView.swift */; };
		ABCA0CB02A53CDE800FED760 /* PiecePreview.swift in Sources */ = {isa = PBXBuildFile; fileRef = ABCA0CAF2A53CDE800FED760 /* PiecePreview.swift */; };
		ABCA0CB22A53CE1B00FED760 /* ControlsView.swift in Sources */ = {isa = PBXBuildFile; fileRef = ABCA0CB12A53CE1B00FED760 /* ControlsView.swift */; };
		ABCA0CB42A53CE3C00FED760 /* IndicatorViews.swift in Sources */ = {isa = PBXBuildFile; fileRef = ABCA0CB32A53CE3C00FED760 /* IndicatorViews.swift */; };
		ABCA0CB72A53CFB500FED760 /* ViewUtility.swift in Sources */ = {isa = PBXBuildFile; fileRef = ABCA0CB62A53CFB500FED760 /* ViewUtility.swift */; };
		ABCA0CB92A54FAA500FED760 /* InputController.swift in Sources */ = {isa = PBXBuildFile; fileRef = ABCA0CB82A54FAA500FED760 /* InputController.swift */; };
		ABCA0CBB2A56117600FED760 /* PieceFactory.swift in Sources */ = {isa = PBXBuildFile; fileRef = ABCA0CBA2A56117600FED760 /* PieceFactory.swift */; };
		ABCA0CBD2A56145A00FED760 /* Cell.swift in Sources */ = {isa = PBXBuildFile; fileRef = ABCA0CBC2A56145A00FED760 /* Cell.swift */; };
		ABCA0CBF2A562D7400FED760 /* GameAnimation.swift in Sources */ = {isa = PBXBuildFile; fileRef = ABCA0CBE2A562D7400FED760 /* GameAnimation.swift */; };
		ABCA0CC22A570CFA00FED760 /* LICENCE.txt in Resources */ = {isa = PBXBuildFile; fileRef = ABCA0CC12A570CFA00FED760 /* LICENCE.txt */; };
/* End PBXBuildFile section */

/* Begin PBXFileReference section */
		AB26F7C92A686A0400242479 /* Theme1.m4a */ = {isa = PBXFileReference; lastKnownFileType = file; path = Theme1.m4a; sourceTree = "<group>"; };
		AB26F7CB2A686D0F00242479 /* AudioEngine.swift */ = {isa = PBXFileReference; lastKnownFileType = sourcecode.swift; path = AudioEngine.swift; sourceTree = "<group>"; };
		AB8722C22A6ED4130010CD98 /* SoundEffects.swift */ = {isa = PBXFileReference; lastKnownFileType = sourcecode.swift; path = SoundEffects.swift; sourceTree = "<group>"; };
		AB8722C92A7171970010CD98 /* LaunchScreen.storyboard */ = {isa = PBXFileReference; lastKnownFileType = file.storyboard; path = LaunchScreen.storyboard; sourceTree = "<group>"; };
		ABAB33572A75746E0004B510 /* levelUp.mp3 */ = {isa = PBXFileReference; lastKnownFileType = audio.mp3; path = levelUp.mp3; sourceTree = "<group>"; };
		ABAB33582A75746E0004B510 /* oneLine.mp3 */ = {isa = PBXFileReference; lastKnownFileType = audio.mp3; path = oneLine.mp3; sourceTree = "<group>"; };
		ABAB33592A75746E0004B510 /* fourLines.mp3 */ = {isa = PBXFileReference; lastKnownFileType = audio.mp3; path = fourLines.mp3; sourceTree = "<group>"; };
		ABAB335A2A75746E0004B510 /* placePiece.mp3 */ = {isa = PBXFileReference; lastKnownFileType = audio.mp3; path = placePiece.mp3; sourceTree = "<group>"; };
		ABCA0C842A52646100FED760 /* FallingBlocks.app */ = {isa = PBXFileReference; explicitFileType = wrapper.application; includeInIndex = 0; path = FallingBlocks.app; sourceTree = BUILT_PRODUCTS_DIR; };
		ABCA0C872A52646100FED760 /* FallingBlocksApp.swift */ = {isa = PBXFileReference; lastKnownFileType = sourcecode.swift; path = FallingBlocksApp.swift; sourceTree = "<group>"; };
		ABCA0C8B2A52646100FED760 /* Assets.xcassets */ = {isa = PBXFileReference; lastKnownFileType = folder.assetcatalog; path = Assets.xcassets; sourceTree = "<group>"; };
		ABCA0C8D2A52646100FED760 /* FallingBlocks.entitlements */ = {isa = PBXFileReference; lastKnownFileType = text.plist.entitlements; path = FallingBlocks.entitlements; sourceTree = "<group>"; };
		ABCA0C8F2A52646100FED760 /* Preview Assets.xcassets */ = {isa = PBXFileReference; lastKnownFileType = folder.assetcatalog; path = "Preview Assets.xcassets"; sourceTree = "<group>"; };
		ABCA0C962A5264C500FED760 /* GameController.swift */ = {isa = PBXFileReference; lastKnownFileType = sourcecode.swift; path = GameController.swift; sourceTree = "<group>"; };
		ABCA0C982A5264DB00FED760 /* GameView.swift */ = {isa = PBXFileReference; lastKnownFileType = sourcecode.swift; path = GameView.swift; sourceTree = "<group>"; };
		ABCA0C9A2A52752D00FED760 /* Orientation.swift */ = {isa = PBXFileReference; lastKnownFileType = sourcecode.swift; path = Orientation.swift; sourceTree = "<group>"; };
		ABCA0C9C2A52759600FED760 /* Renderer.swift */ = {isa = PBXFileReference; lastKnownFileType = sourcecode.swift; path = Renderer.swift; sourceTree = "<group>"; };
		ABCA0C9F2A5276AA00FED760 /* Piece.swift */ = {isa = PBXFileReference; lastKnownFileType = sourcecode.swift; path = Piece.swift; sourceTree = "<group>"; };
		ABCA0CA12A5277E000FED760 /* Board.swift */ = {isa = PBXFileReference; lastKnownFileType = sourcecode.swift; path = Board.swift; sourceTree = "<group>"; };
		ABCA0CA32A527C8400FED760 /* README.md */ = {isa = PBXFileReference; lastKnownFileType = net.daringfireball.markdown; path = README.md; sourceTree = "<group>"; };
		ABCA0CA62A53138500FED760 /* Row.swift */ = {isa = PBXFileReference; lastKnownFileType = sourcecode.swift; path = Row.swift; sourceTree = "<group>"; };
		ABCA0CA92A5336B300FED760 /* GameController.framework */ = {isa = PBXFileReference; lastKnownFileType = wrapper.framework; name = GameController.framework; path = Platforms/iPhoneOS.platform/Developer/SDKs/iPhoneOS16.4.sdk/System/Library/Frameworks/GameController.framework; sourceTree = DEVELOPER_DIR; };
		ABCA0CAB2A53B56E00FED760 /* GameState.swift */ = {isa = PBXFileReference; lastKnownFileType = sourcecode.swift; path = GameState.swift; sourceTree = "<group>"; };
		ABCA0CAD2A53CDC600FED760 /* BoardView.swift */ = {isa = PBXFileReference; lastKnownFileType = sourcecode.swift; path = BoardView.swift; sourceTree = "<group>"; };
		ABCA0CAF2A53CDE800FED760 /* PiecePreview.swift */ = {isa = PBXFileReference; lastKnownFileType = sourcecode.swift; path = PiecePreview.swift; sourceTree = "<group>"; };
		ABCA0CB12A53CE1B00FED760 /* ControlsView.swift */ = {isa = PBXFileReference; lastKnownFileType = sourcecode.swift; path = ControlsView.swift; sourceTree = "<group>"; };
		ABCA0CB32A53CE3C00FED760 /* IndicatorViews.swift */ = {isa = PBXFileReference; lastKnownFileType = sourcecode.swift; path = IndicatorViews.swift; sourceTree = "<group>"; };
		ABCA0CB62A53CFB500FED760 /* ViewUtility.swift */ = {isa = PBXFileReference; lastKnownFileType = sourcecode.swift; path = ViewUtility.swift; sourceTree = "<group>"; };
		ABCA0CB82A54FAA500FED760 /* InputController.swift */ = {isa = PBXFileReference; lastKnownFileType = sourcecode.swift; path = InputController.swift; sourceTree = "<group>"; };
		ABCA0CBA2A56117600FED760 /* PieceFactory.swift */ = {isa = PBXFileReference; lastKnownFileType = sourcecode.swift; path = PieceFactory.swift; sourceTree = "<group>"; };
		ABCA0CBC2A56145A00FED760 /* Cell.swift */ = {isa = PBXFileReference; lastKnownFileType = sourcecode.swift; path = Cell.swift; sourceTree = "<group>"; };
		ABCA0CBE2A562D7400FED760 /* GameAnimation.swift */ = {isa = PBXFileReference; lastKnownFileType = sourcecode.swift; path = GameAnimation.swift; sourceTree = "<group>"; };
		ABCA0CC12A570CFA00FED760 /* LICENCE.txt */ = {isa = PBXFileReference; lastKnownFileType = text; path = LICENCE.txt; sourceTree = "<group>"; };
/* End PBXFileReference section */

/* Begin PBXFrameworksBuildPhase section */
		ABCA0C812A52646100FED760 /* Frameworks */ = {
			isa = PBXFrameworksBuildPhase;
			buildActionMask = 2147483647;
			files = (
				ABCA0CAA2A5336B300FED760 /* GameController.framework in Frameworks */,
			);
			runOnlyForDeploymentPostprocessing = 0;
		};
/* End PBXFrameworksBuildPhase section */

/* Begin PBXGroup section */
		AB26F7CD2A69861100242479 /* AudioRes */ = {
			isa = PBXGroup;
			children = (
				ABAB33582A75746E0004B510 /* oneLine.mp3 */,
				ABAB33592A75746E0004B510 /* fourLines.mp3 */,
				ABAB33572A75746E0004B510 /* levelUp.mp3 */,
				ABAB335A2A75746E0004B510 /* placePiece.mp3 */,
				AB26F7C92A686A0400242479 /* Theme1.m4a */,
			);
			path = AudioRes;
			sourceTree = "<group>";
		};
		AB8722C42A6ED46E0010CD98 /* Audio */ = {
			isa = PBXGroup;
			children = (
				AB26F7CB2A686D0F00242479 /* AudioEngine.swift */,
				AB8722C22A6ED4130010CD98 /* SoundEffects.swift */,
			);
			path = Audio;
			sourceTree = "<group>";
		};
		AB8722C52A6ED4770010CD98 /* Elements */ = {
			isa = PBXGroup;
			children = (
				ABCA0C9F2A5276AA00FED760 /* Piece.swift */,
				ABCA0CBA2A56117600FED760 /* PieceFactory.swift */,
				ABCA0CA12A5277E000FED760 /* Board.swift */,
				ABCA0CA62A53138500FED760 /* Row.swift */,
				ABCA0CBC2A56145A00FED760 /* Cell.swift */,
			);
			path = Elements;
			sourceTree = "<group>";
		};
		AB8722C62A6ED4940010CD98 /* Game */ = {
			isa = PBXGroup;
			children = (
				ABCA0C962A5264C500FED760 /* GameController.swift */,
				ABCA0CAB2A53B56E00FED760 /* GameState.swift */,
				ABCA0CBE2A562D7400FED760 /* GameAnimation.swift */,
				ABCA0CB82A54FAA500FED760 /* InputController.swift */,
				ABCA0C9A2A52752D00FED760 /* Orientation.swift */,
				ABCA0C9C2A52759600FED760 /* Renderer.swift */,
			);
			path = Game;
			sourceTree = "<group>";
		};
		ABCA0C7B2A52646100FED760 = {
			isa = PBXGroup;
			children = (
				ABCA0CC12A570CFA00FED760 /* LICENCE.txt */,
				ABCA0CA32A527C8400FED760 /* README.md */,
				ABCA0C872A52646100FED760 /* FallingBlocksApp.swift */,
				ABCA0C862A52646100FED760 /* FallingBlocks */,
				ABCA0C852A52646100FED760 /* Products */,
				ABCA0CA82A5336B200FED760 /* Frameworks */,
			);
			sourceTree = "<group>";
		};
		ABCA0C852A52646100FED760 /* Products */ = {
			isa = PBXGroup;
			children = (
				ABCA0C842A52646100FED760 /* FallingBlocks.app */,
			);
			name = Products;
			sourceTree = "<group>";
		};
		ABCA0C862A52646100FED760 /* FallingBlocks */ = {
			isa = PBXGroup;
			children = (
				AB26F7CD2A69861100242479 /* AudioRes */,
				ABCA0CA52A527CAD00FED760 /* Game */,
				ABCA0C9E2A5275D000FED760 /* View */,
				ABCA0C8B2A52646100FED760 /* Assets.xcassets */,
				AB8722C92A7171970010CD98 /* LaunchScreen.storyboard */,
				ABCA0C8D2A52646100FED760 /* FallingBlocks.entitlements */,
				ABCA0C8E2A52646100FED760 /* Preview Content */,
			);
			path = FallingBlocks;
			sourceTree = "<group>";
		};
		ABCA0C8E2A52646100FED760 /* Preview Content */ = {
			isa = PBXGroup;
			children = (
				ABCA0C8F2A52646100FED760 /* Preview Assets.xcassets */,
			);
			path = "Preview Content";
			sourceTree = "<group>";
		};
		ABCA0C9E2A5275D000FED760 /* View */ = {
			isa = PBXGroup;
			children = (
				ABCA0C982A5264DB00FED760 /* GameView.swift */,
				ABCA0CAD2A53CDC600FED760 /* BoardView.swift */,
				ABCA0CAF2A53CDE800FED760 /* PiecePreview.swift */,
				ABCA0CB12A53CE1B00FED760 /* ControlsView.swift */,
				ABCA0CB62A53CFB500FED760 /* ViewUtility.swift */,
				ABCA0CB32A53CE3C00FED760 /* IndicatorViews.swift */,
			);
			path = View;
			sourceTree = "<group>";
		};
		ABCA0CA52A527CAD00FED760 /* Game */ = {
			isa = PBXGroup;
			children = (
				AB8722C62A6ED4940010CD98 /* Game */,
				AB8722C52A6ED4770010CD98 /* Elements */,
				AB8722C42A6ED46E0010CD98 /* Audio */,
			);
			path = Game;
			sourceTree = "<group>";
		};
		ABCA0CA82A5336B200FED760 /* Frameworks */ = {
			isa = PBXGroup;
			children = (
				ABCA0CA92A5336B300FED760 /* GameController.framework */,
			);
			name = Frameworks;
			sourceTree = "<group>";
		};
/* End PBXGroup section */

/* Begin PBXNativeTarget section */
		ABCA0C832A52646100FED760 /* FallingBlocks */ = {
			isa = PBXNativeTarget;
			buildConfigurationList = ABCA0C932A52646100FED760 /* Build configuration list for PBXNativeTarget "FallingBlocks" */;
			buildPhases = (
				ABCA0C802A52646100FED760 /* Sources */,
				ABCA0C812A52646100FED760 /* Frameworks */,
				ABCA0C822A52646100FED760 /* Resources */,
			);
			buildRules = (
			);
			dependencies = (
			);
			name = FallingBlocks;
			productName = FallingBlocks;
			productReference = ABCA0C842A52646100FED760 /* FallingBlocks.app */;
			productType = "com.apple.product-type.application";
		};
/* End PBXNativeTarget section */

/* Begin PBXProject section */
		ABCA0C7C2A52646100FED760 /* Project object */ = {
			isa = PBXProject;
			attributes = {
				BuildIndependentTargetsInParallel = 1;
				LastSwiftUpdateCheck = 1430;
				LastUpgradeCheck = 1430;
				TargetAttributes = {
					ABCA0C832A52646100FED760 = {
						CreatedOnToolsVersion = 14.3.1;
					};
				};
			};
			buildConfigurationList = ABCA0C7F2A52646100FED760 /* Build configuration list for PBXProject "FallingBlocks" */;
			compatibilityVersion = "Xcode 14.0";
			developmentRegion = en;
			hasScannedForEncodings = 0;
			knownRegions = (
				en,
				Base,
			);
			mainGroup = ABCA0C7B2A52646100FED760;
			productRefGroup = ABCA0C852A52646100FED760 /* Products */;
			projectDirPath = "";
			projectRoot = "";
			targets = (
				ABCA0C832A52646100FED760 /* FallingBlocks */,
			);
		};
/* End PBXProject section */

/* Begin PBXResourcesBuildPhase section */
		ABCA0C822A52646100FED760 /* Resources */ = {
			isa = PBXResourcesBuildPhase;
			buildActionMask = 2147483647;
			files = (
				ABCA0CC22A570CFA00FED760 /* LICENCE.txt in Resources */,
				ABAB335B2A75746E0004B510 /* levelUp.mp3 in Resources */,
				ABAB335C2A75746E0004B510 /* oneLine.mp3 in Resources */,
				AB26F7CA2A686A0400242479 /* Theme1.m4a in Resources */,
				ABAB335E2A75746E0004B510 /* placePiece.mp3 in Resources */,
				ABAB335D2A75746E0004B510 /* fourLines.mp3 in Resources */,
				ABCA0CA42A527C8400FED760 /* README.md in Resources */,
				ABCA0C902A52646100FED760 /* Preview Assets.xcassets in Resources */,
				ABCA0C8C2A52646100FED760 /* Assets.xcassets in Resources */,
			);
			runOnlyForDeploymentPostprocessing = 0;
		};
/* End PBXResourcesBuildPhase section */

/* Begin PBXSourcesBuildPhase section */
		ABCA0C802A52646100FED760 /* Sources */ = {
			isa = PBXSourcesBuildPhase;
			buildActionMask = 2147483647;
			files = (
				ABCA0CB42A53CE3C00FED760 /* IndicatorViews.swift in Sources */,
				ABCA0CB72A53CFB500FED760 /* ViewUtility.swift in Sources */,
				ABCA0C9B2A52752D00FED760 /* Orientation.swift in Sources */,
				ABCA0CB92A54FAA500FED760 /* InputController.swift in Sources */,
				ABCA0CA72A53138500FED760 /* Row.swift in Sources */,
				ABCA0CBD2A56145A00FED760 /* Cell.swift in Sources */,
				ABCA0CBF2A562D7400FED760 /* GameAnimation.swift in Sources */,
				ABCA0CA02A5276AA00FED760 /* Piece.swift in Sources */,
				AB26F7CC2A686D0F00242479 /* AudioEngine.swift in Sources */,
				ABCA0C992A5264DB00FED760 /* GameView.swift in Sources */,
				ABCA0CB22A53CE1B00FED760 /* ControlsView.swift in Sources */,
				ABCA0C972A5264C500FED760 /* GameController.swift in Sources */,
				ABCA0C9D2A52759600FED760 /* Renderer.swift in Sources */,
				ABCA0CAC2A53B56E00FED760 /* GameState.swift in Sources */,
				ABCA0CBB2A56117600FED760 /* PieceFactory.swift in Sources */,
				ABCA0CAE2A53CDC600FED760 /* BoardView.swift in Sources */,
				ABCA0CB02A53CDE800FED760 /* PiecePreview.swift in Sources */,
				ABCA0CA22A5277E000FED760 /* Board.swift in Sources */,
				AB8722C32A6ED4130010CD98 /* SoundEffects.swift in Sources */,
				ABCA0C882A52646100FED760 /* FallingBlocksApp.swift in Sources */,
			);
			runOnlyForDeploymentPostprocessing = 0;
		};
/* End PBXSourcesBuildPhase section */

/* Begin XCBuildConfiguration section */
		ABCA0C912A52646100FED760 /* Debug */ = {
			isa = XCBuildConfiguration;
			buildSettings = {
				ALWAYS_SEARCH_USER_PATHS = NO;
				CLANG_ANALYZER_NONNULL = YES;
				CLANG_ANALYZER_NUMBER_OBJECT_CONVERSION = YES_AGGRESSIVE;
				CLANG_CXX_LANGUAGE_STANDARD = "gnu++20";
				CLANG_ENABLE_MODULES = YES;
				CLANG_ENABLE_OBJC_ARC = YES;
				CLANG_ENABLE_OBJC_WEAK = YES;
				CLANG_WARN_BLOCK_CAPTURE_AUTORELEASING = YES;
				CLANG_WARN_BOOL_CONVERSION = YES;
				CLANG_WARN_COMMA = YES;
				CLANG_WARN_CONSTANT_CONVERSION = YES;
				CLANG_WARN_DEPRECATED_OBJC_IMPLEMENTATIONS = YES;
				CLANG_WARN_DIRECT_OBJC_ISA_USAGE = YES_ERROR;
				CLANG_WARN_DOCUMENTATION_COMMENTS = YES;
				CLANG_WARN_EMPTY_BODY = YES;
				CLANG_WARN_ENUM_CONVERSION = YES;
				CLANG_WARN_INFINITE_RECURSION = YES;
				CLANG_WARN_INT_CONVERSION = YES;
				CLANG_WARN_NON_LITERAL_NULL_CONVERSION = YES;
				CLANG_WARN_OBJC_IMPLICIT_RETAIN_SELF = YES;
				CLANG_WARN_OBJC_LITERAL_CONVERSION = YES;
				CLANG_WARN_OBJC_ROOT_CLASS = YES_ERROR;
				CLANG_WARN_QUOTED_INCLUDE_IN_FRAMEWORK_HEADER = YES;
				CLANG_WARN_RANGE_LOOP_ANALYSIS = YES;
				CLANG_WARN_STRICT_PROTOTYPES = YES;
				CLANG_WARN_SUSPICIOUS_MOVE = YES;
				CLANG_WARN_UNGUARDED_AVAILABILITY = YES_AGGRESSIVE;
				CLANG_WARN_UNREACHABLE_CODE = YES;
				CLANG_WARN__DUPLICATE_METHOD_MATCH = YES;
				COPY_PHASE_STRIP = NO;
				DEBUG_INFORMATION_FORMAT = dwarf;
				ENABLE_STRICT_OBJC_MSGSEND = YES;
				ENABLE_TESTABILITY = YES;
				GCC_C_LANGUAGE_STANDARD = gnu11;
				GCC_DYNAMIC_NO_PIC = NO;
				GCC_NO_COMMON_BLOCKS = YES;
				GCC_OPTIMIZATION_LEVEL = 0;
				GCC_PREPROCESSOR_DEFINITIONS = (
					"DEBUG=1",
					"$(inherited)",
				);
				GCC_WARN_64_TO_32_BIT_CONVERSION = YES;
				GCC_WARN_ABOUT_RETURN_TYPE = YES_ERROR;
				GCC_WARN_UNDECLARED_SELECTOR = YES;
				GCC_WARN_UNINITIALIZED_AUTOS = YES_AGGRESSIVE;
				GCC_WARN_UNUSED_FUNCTION = YES;
				GCC_WARN_UNUSED_VARIABLE = YES;
				MTL_ENABLE_DEBUG_INFO = INCLUDE_SOURCE;
				MTL_FAST_MATH = YES;
				ONLY_ACTIVE_ARCH = YES;
				SWIFT_ACTIVE_COMPILATION_CONDITIONS = DEBUG;
				SWIFT_OPTIMIZATION_LEVEL = "-Onone";
			};
			name = Debug;
		};
		ABCA0C922A52646100FED760 /* Release */ = {
			isa = XCBuildConfiguration;
			buildSettings = {
				ALWAYS_SEARCH_USER_PATHS = NO;
				CLANG_ANALYZER_NONNULL = YES;
				CLANG_ANALYZER_NUMBER_OBJECT_CONVERSION = YES_AGGRESSIVE;
				CLANG_CXX_LANGUAGE_STANDARD = "gnu++20";
				CLANG_ENABLE_MODULES = YES;
				CLANG_ENABLE_OBJC_ARC = YES;
				CLANG_ENABLE_OBJC_WEAK = YES;
				CLANG_WARN_BLOCK_CAPTURE_AUTORELEASING = YES;
				CLANG_WARN_BOOL_CONVERSION = YES;
				CLANG_WARN_COMMA = YES;
				CLANG_WARN_CONSTANT_CONVERSION = YES;
				CLANG_WARN_DEPRECATED_OBJC_IMPLEMENTATIONS = YES;
				CLANG_WARN_DIRECT_OBJC_ISA_USAGE = YES_ERROR;
				CLANG_WARN_DOCUMENTATION_COMMENTS = YES;
				CLANG_WARN_EMPTY_BODY = YES;
				CLANG_WARN_ENUM_CONVERSION = YES;
				CLANG_WARN_INFINITE_RECURSION = YES;
				CLANG_WARN_INT_CONVERSION = YES;
				CLANG_WARN_NON_LITERAL_NULL_CONVERSION = YES;
				CLANG_WARN_OBJC_IMPLICIT_RETAIN_SELF = YES;
				CLANG_WARN_OBJC_LITERAL_CONVERSION = YES;
				CLANG_WARN_OBJC_ROOT_CLASS = YES_ERROR;
				CLANG_WARN_QUOTED_INCLUDE_IN_FRAMEWORK_HEADER = YES;
				CLANG_WARN_RANGE_LOOP_ANALYSIS = YES;
				CLANG_WARN_STRICT_PROTOTYPES = YES;
				CLANG_WARN_SUSPICIOUS_MOVE = YES;
				CLANG_WARN_UNGUARDED_AVAILABILITY = YES_AGGRESSIVE;
				CLANG_WARN_UNREACHABLE_CODE = YES;
				CLANG_WARN__DUPLICATE_METHOD_MATCH = YES;
				COPY_PHASE_STRIP = NO;
				DEBUG_INFORMATION_FORMAT = "dwarf-with-dsym";
				ENABLE_NS_ASSERTIONS = NO;
				ENABLE_STRICT_OBJC_MSGSEND = YES;
				GCC_C_LANGUAGE_STANDARD = gnu11;
				GCC_NO_COMMON_BLOCKS = YES;
				GCC_WARN_64_TO_32_BIT_CONVERSION = YES;
				GCC_WARN_ABOUT_RETURN_TYPE = YES_ERROR;
				GCC_WARN_UNDECLARED_SELECTOR = YES;
				GCC_WARN_UNINITIALIZED_AUTOS = YES_AGGRESSIVE;
				GCC_WARN_UNUSED_FUNCTION = YES;
				GCC_WARN_UNUSED_VARIABLE = YES;
				MTL_ENABLE_DEBUG_INFO = NO;
				MTL_FAST_MATH = YES;
				SWIFT_COMPILATION_MODE = wholemodule;
				SWIFT_OPTIMIZATION_LEVEL = "-O";
			};
			name = Release;
		};
		ABCA0C942A52646100FED760 /* Debug */ = {
			isa = XCBuildConfiguration;
			buildSettings = {
				ASSETCATALOG_COMPILER_APPICON_NAME = AppIcon;
				ASSETCATALOG_COMPILER_GLOBAL_ACCENT_COLOR_NAME = AccentColor;
				CODE_SIGN_ENTITLEMENTS = FallingBlocks/FallingBlocks.entitlements;
				CODE_SIGN_STYLE = Automatic;
				CURRENT_PROJECT_VERSION = 1;
				DEVELOPMENT_ASSET_PATHS = "\"FallingBlocks/Preview Content\"";
				DEVELOPMENT_TEAM = 8MUG75JRMF;
				ENABLE_HARDENED_RUNTIME = YES;
				ENABLE_PREVIEWS = YES;
				GENERATE_INFOPLIST_FILE = YES;
				"INFOPLIST_KEY_UIApplicationSceneManifest_Generation[sdk=iphoneos*]" = YES;
				"INFOPLIST_KEY_UIApplicationSceneManifest_Generation[sdk=iphonesimulator*]" = YES;
				"INFOPLIST_KEY_UIApplicationSupportsIndirectInputEvents[sdk=iphoneos*]" = YES;
				"INFOPLIST_KEY_UIApplicationSupportsIndirectInputEvents[sdk=iphonesimulator*]" = YES;
				"INFOPLIST_KEY_UILaunchScreen_Generation[sdk=iphoneos*]" = YES;
				"INFOPLIST_KEY_UILaunchScreen_Generation[sdk=iphonesimulator*]" = YES;
				INFOPLIST_KEY_UILaunchStoryboardName = LaunchScreen.storyboard;
				"INFOPLIST_KEY_UIStatusBarStyle[sdk=iphoneos*]" = UIStatusBarStyleDefault;
				"INFOPLIST_KEY_UIStatusBarStyle[sdk=iphonesimulator*]" = UIStatusBarStyleDefault;
				INFOPLIST_KEY_UISupportedInterfaceOrientations_iPad = "UIInterfaceOrientationPortrait UIInterfaceOrientationPortraitUpsideDown UIInterfaceOrientationLandscapeLeft UIInterfaceOrientationLandscapeRight";
				INFOPLIST_KEY_UISupportedInterfaceOrientations_iPhone = "UIInterfaceOrientationPortrait UIInterfaceOrientationLandscapeLeft UIInterfaceOrientationLandscapeRight";
				IPHONEOS_DEPLOYMENT_TARGET = 16.4;
				LD_RUNPATH_SEARCH_PATHS = "@executable_path/Frameworks";
				"LD_RUNPATH_SEARCH_PATHS[sdk=macosx*]" = "@executable_path/../Frameworks";
				MACOSX_DEPLOYMENT_TARGET = 13.3;
				MARKETING_VERSION = 1.0;
				PRODUCT_BUNDLE_IDENTIFIER = com.barnstar.FallingBlocks;
				PRODUCT_NAME = "$(TARGET_NAME)";
				SDKROOT = auto;
				SUPPORTED_PLATFORMS = "iphoneos iphonesimulator macosx";
				SWIFT_EMIT_LOC_STRINGS = YES;
				SWIFT_VERSION = 5.0;
				TARGETED_DEVICE_FAMILY = "1,2";
			};
			name = Debug;
		};
		ABCA0C952A52646100FED760 /* Release */ = {
			isa = XCBuildConfiguration;
			buildSettings = {
				ASSETCATALOG_COMPILER_APPICON_NAME = AppIcon;
				ASSETCATALOG_COMPILER_GLOBAL_ACCENT_COLOR_NAME = AccentColor;
				CODE_SIGN_ENTITLEMENTS = FallingBlocks/FallingBlocks.entitlements;
				CODE_SIGN_STYLE = Automatic;
				CURRENT_PROJECT_VERSION = 1;
				DEVELOPMENT_ASSET_PATHS = "\"FallingBlocks/Preview Content\"";
				DEVELOPMENT_TEAM = 8MUG75JRMF;
				ENABLE_HARDENED_RUNTIME = YES;
				ENABLE_PREVIEWS = YES;
				GENERATE_INFOPLIST_FILE = YES;
				"INFOPLIST_KEY_UIApplicationSceneManifest_Generation[sdk=iphoneos*]" = YES;
				"INFOPLIST_KEY_UIApplicationSceneManifest_Generation[sdk=iphonesimulator*]" = YES;
				"INFOPLIST_KEY_UIApplicationSupportsIndirectInputEvents[sdk=iphoneos*]" = YES;
				"INFOPLIST_KEY_UIApplicationSupportsIndirectInputEvents[sdk=iphonesimulator*]" = YES;
				"INFOPLIST_KEY_UILaunchScreen_Generation[sdk=iphoneos*]" = YES;
				"INFOPLIST_KEY_UILaunchScreen_Generation[sdk=iphonesimulator*]" = YES;
				INFOPLIST_KEY_UILaunchStoryboardName = LaunchScreen.storyboard;
				"INFOPLIST_KEY_UIStatusBarStyle[sdk=iphoneos*]" = UIStatusBarStyleDefault;
				"INFOPLIST_KEY_UIStatusBarStyle[sdk=iphonesimulator*]" = UIStatusBarStyleDefault;
				INFOPLIST_KEY_UISupportedInterfaceOrientations_iPad = "UIInterfaceOrientationPortrait UIInterfaceOrientationPortraitUpsideDown UIInterfaceOrientationLandscapeLeft UIInterfaceOrientationLandscapeRight";
				INFOPLIST_KEY_UISupportedInterfaceOrientations_iPhone = "UIInterfaceOrientationPortrait UIInterfaceOrientationLandscapeLeft UIInterfaceOrientationLandscapeRight";
				IPHONEOS_DEPLOYMENT_TARGET = 16.4;
				LD_RUNPATH_SEARCH_PATHS = "@executable_path/Frameworks";
				"LD_RUNPATH_SEARCH_PATHS[sdk=macosx*]" = "@executable_path/../Frameworks";
				MACOSX_DEPLOYMENT_TARGET = 13.3;
				MARKETING_VERSION = 1.0;
				PRODUCT_BUNDLE_IDENTIFIER = com.barnstar.FallingBlocks;
				PRODUCT_NAME = "$(TARGET_NAME)";
				SDKROOT = auto;
				SUPPORTED_PLATFORMS = "iphoneos iphonesimulator macosx";
				SWIFT_EMIT_LOC_STRINGS = YES;
				SWIFT_VERSION = 5.0;
				TARGETED_DEVICE_FAMILY = "1,2";
			};
			name = Release;
		};
/* End XCBuildConfiguration section */

/* Begin XCConfigurationList section */
		ABCA0C7F2A52646100FED760 /* Build configuration list for PBXProject "FallingBlocks" */ = {
			isa = XCConfigurationList;
			buildConfigurations = (
				ABCA0C912A52646100FED760 /* Debug */,
				ABCA0C922A52646100FED760 /* Release */,
			);
			defaultConfigurationIsVisible = 0;
			defaultConfigurationName = Release;
		};
		ABCA0C932A52646100FED760 /* Build configuration list for PBXNativeTarget "FallingBlocks" */ = {
			isa = XCConfigurationList;
			buildConfigurations = (
				ABCA0C942A52646100FED760 /* Debug */,
				ABCA0C952A52646100FED760 /* Release */,
			);
			defaultConfigurationIsVisible = 0;
			defaultConfigurationName = Release;
		};
/* End XCConfigurationList section */
	};
	rootObject = ABCA0C7C2A52646100FED760 /* Project object */;
}
